// !$*UTF8*$!
{
	archiveVersion = 1;
	classes = {
	};
	objectVersion = 46;
	objects = {

/* Begin PBXBuildFile section */
		001B6E67163CA81A00A03E61 /* GLCurve.m in Sources */ = {isa = PBXBuildFile; fileRef = 001B6E66163CA81A00A03E61 /* GLCurve.m */; };
		D06300D6163CA1F500A404FB /* UIKit.framework in Frameworks */ = {isa = PBXBuildFile; fileRef = D06300D5163CA1F500A404FB /* UIKit.framework */; };
		D06300D8163CA1F500A404FB /* Foundation.framework in Frameworks */ = {isa = PBXBuildFile; fileRef = D06300D7163CA1F500A404FB /* Foundation.framework */; };
		D06300DA163CA1F500A404FB /* CoreGraphics.framework in Frameworks */ = {isa = PBXBuildFile; fileRef = D06300D9163CA1F500A404FB /* CoreGraphics.framework */; };
		D06300E0163CA1F500A404FB /* InfoPlist.strings in Resources */ = {isa = PBXBuildFile; fileRef = D06300DE163CA1F500A404FB /* InfoPlist.strings */; };
		D06300E2163CA1F500A404FB /* main.m in Sources */ = {isa = PBXBuildFile; fileRef = D06300E1163CA1F500A404FB /* main.m */; };
		D06300E6163CA1F500A404FB /* MGAppDelegate.m in Sources */ = {isa = PBXBuildFile; fileRef = D06300E5163CA1F500A404FB /* MGAppDelegate.m */; };
		D06300E8163CA1F500A404FB /* Default.png in Resources */ = {isa = PBXBuildFile; fileRef = D06300E7163CA1F500A404FB /* Default.png */; };
		D06300EA163CA1F500A404FB /* Default@2x.png in Resources */ = {isa = PBXBuildFile; fileRef = D06300E9163CA1F500A404FB /* Default@2x.png */; };
		D06300EC163CA1F500A404FB /* Default-568h@2x.png in Resources */ = {isa = PBXBuildFile; fileRef = D06300EB163CA1F500A404FB /* Default-568h@2x.png */; };
		D06300EF163CA1F500A404FB /* MGViewController.m in Sources */ = {isa = PBXBuildFile; fileRef = D06300EE163CA1F500A404FB /* MGViewController.m */; };
		D06300F2163CA1F500A404FB /* MGViewController.xib in Resources */ = {isa = PBXBuildFile; fileRef = D06300F0163CA1F500A404FB /* MGViewController.xib */; };
		D0630103163CA2E600A404FB /* GLShape.m in Sources */ = {isa = PBXBuildFile; fileRef = D06300FA163CA2E600A404FB /* GLShape.m */; };
		D0630104163CA2E600A404FB /* GLGraphicsContext.m in Sources */ = {isa = PBXBuildFile; fileRef = D06300FC163CA2E600A404FB /* GLGraphicsContext.m */; };
		D0630105163CA2E600A404FB /* GLRectangle.m in Sources */ = {isa = PBXBuildFile; fileRef = D06300FE163CA2E600A404FB /* GLRectangle.m */; };
		D0630106163CA2E600A404FB /* GLLine.m in Sources */ = {isa = PBXBuildFile; fileRef = D0630100163CA2E600A404FB /* GLLine.m */; };
		D0630107163CA2E600A404FB /* GLQuad.m in Sources */ = {isa = PBXBuildFile; fileRef = D0630102163CA2E600A404FB /* GLQuad.m */; };
		D063011F163CA31100A404FB /* GLView.m in Sources */ = {isa = PBXBuildFile; fileRef = D063010A163CA31100A404FB /* GLView.m */; };
		D0630120163CA31100A404FB /* GLBox.m in Sources */ = {isa = PBXBuildFile; fileRef = D063010C163CA31100A404FB /* GLBox.m */; };
		D0630121163CA31100A404FB /* MicroUILabel.m in Sources */ = {isa = PBXBuildFile; fileRef = D063010E163CA31100A404FB /* MicroUILabel.m */; };
		D0630122163CA31100A404FB /* MicroUIButton.m in Sources */ = {isa = PBXBuildFile; fileRef = D0630110163CA31100A404FB /* MicroUIButton.m */; };
		D0630123163CA31100A404FB /* MicroUIDraggableBox.m in Sources */ = {isa = PBXBuildFile; fileRef = D0630112163CA31100A404FB /* MicroUIDraggableBox.m */; };
		D0630124163CA31100A404FB /* MicroUIImage.m in Sources */ = {isa = PBXBuildFile; fileRef = D0630114163CA31100A404FB /* MicroUIImage.m */; };
		D0630125163CA31100A404FB /* MicroUIDraggableContainer.m in Sources */ = {isa = PBXBuildFile; fileRef = D0630116163CA31100A404FB /* MicroUIDraggableContainer.m */; };
		D0630126163CA31100A404FB /* MicroUIDraggableLine.m in Sources */ = {isa = PBXBuildFile; fileRef = D0630118163CA31100A404FB /* MicroUIDraggableLine.m */; };
		D0630127163CA31100A404FB /* MicroUIDraggableView.m in Sources */ = {isa = PBXBuildFile; fileRef = D063011A163CA31100A404FB /* MicroUIDraggableView.m */; };
		D0630128163CA31100A404FB /* MicroUIDraggableEndpoint.m in Sources */ = {isa = PBXBuildFile; fileRef = D063011C163CA31100A404FB /* MicroUIDraggableEndpoint.m */; };
		D063012A163CA31E00A404FB /* GLKit.framework in Frameworks */ = {isa = PBXBuildFile; fileRef = D0630129163CA31E00A404FB /* GLKit.framework */; };
		D063012C163CA32200A404FB /* OpenGLES.framework in Frameworks */ = {isa = PBXBuildFile; fileRef = D063012B163CA32200A404FB /* OpenGLES.framework */; };
		D063012F163CA34300A404FB /* GLViewController.m in Sources */ = {isa = PBXBuildFile; fileRef = D063012E163CA34300A404FB /* GLViewController.m */; };
/* End PBXBuildFile section */

/* Begin PBXFileReference section */
		001B6E65163CA81A00A03E61 /* GLCurve.h */ = {isa = PBXFileReference; fileEncoding = 4; lastKnownFileType = sourcecode.c.h; path = GLCurve.h; sourceTree = "<group>"; };
		001B6E66163CA81A00A03E61 /* GLCurve.m */ = {isa = PBXFileReference; fileEncoding = 4; lastKnownFileType = sourcecode.c.objc; path = GLCurve.m; sourceTree = "<group>"; };
		D06300D1163CA1F500A404FB /* MobileGlyphs.app */ = {isa = PBXFileReference; explicitFileType = wrapper.application; includeInIndex = 0; path = MobileGlyphs.app; sourceTree = BUILT_PRODUCTS_DIR; };
		D06300D5163CA1F500A404FB /* UIKit.framework */ = {isa = PBXFileReference; lastKnownFileType = wrapper.framework; name = UIKit.framework; path = System/Library/Frameworks/UIKit.framework; sourceTree = SDKROOT; };
		D06300D7163CA1F500A404FB /* Foundation.framework */ = {isa = PBXFileReference; lastKnownFileType = wrapper.framework; name = Foundation.framework; path = System/Library/Frameworks/Foundation.framework; sourceTree = SDKROOT; };
		D06300D9163CA1F500A404FB /* CoreGraphics.framework */ = {isa = PBXFileReference; lastKnownFileType = wrapper.framework; name = CoreGraphics.framework; path = System/Library/Frameworks/CoreGraphics.framework; sourceTree = SDKROOT; };
		D06300DD163CA1F500A404FB /* MobileGlyphs-Info.plist */ = {isa = PBXFileReference; lastKnownFileType = text.plist.xml; path = "MobileGlyphs-Info.plist"; sourceTree = "<group>"; };
		D06300DF163CA1F500A404FB /* en */ = {isa = PBXFileReference; lastKnownFileType = text.plist.strings; name = en; path = en.lproj/InfoPlist.strings; sourceTree = "<group>"; };
		D06300E1163CA1F500A404FB /* main.m */ = {isa = PBXFileReference; lastKnownFileType = sourcecode.c.objc; path = main.m; sourceTree = "<group>"; };
		D06300E3163CA1F500A404FB /* MobileGlyphs-Prefix.pch */ = {isa = PBXFileReference; lastKnownFileType = sourcecode.c.h; path = "MobileGlyphs-Prefix.pch"; sourceTree = "<group>"; };
		D06300E4163CA1F500A404FB /* MGAppDelegate.h */ = {isa = PBXFileReference; lastKnownFileType = sourcecode.c.h; path = MGAppDelegate.h; sourceTree = "<group>"; };
		D06300E5163CA1F500A404FB /* MGAppDelegate.m */ = {isa = PBXFileReference; lastKnownFileType = sourcecode.c.objc; path = MGAppDelegate.m; sourceTree = "<group>"; };
		D06300E7163CA1F500A404FB /* Default.png */ = {isa = PBXFileReference; lastKnownFileType = image.png; path = Default.png; sourceTree = "<group>"; };
		D06300E9163CA1F500A404FB /* Default@2x.png */ = {isa = PBXFileReference; lastKnownFileType = image.png; path = "Default@2x.png"; sourceTree = "<group>"; };
		D06300EB163CA1F500A404FB /* Default-568h@2x.png */ = {isa = PBXFileReference; lastKnownFileType = image.png; path = "Default-568h@2x.png"; sourceTree = "<group>"; };
		D06300ED163CA1F500A404FB /* MGViewController.h */ = {isa = PBXFileReference; lastKnownFileType = sourcecode.c.h; path = MGViewController.h; sourceTree = "<group>"; };
		D06300EE163CA1F500A404FB /* MGViewController.m */ = {isa = PBXFileReference; lastKnownFileType = sourcecode.c.objc; path = MGViewController.m; sourceTree = "<group>"; };
		D06300F1163CA1F500A404FB /* en */ = {isa = PBXFileReference; lastKnownFileType = file.xib; name = en; path = en.lproj/MGViewController.xib; sourceTree = "<group>"; };
		D06300F9163CA2E600A404FB /* GLShape.h */ = {isa = PBXFileReference; fileEncoding = 4; lastKnownFileType = sourcecode.c.h; path = GLShape.h; sourceTree = "<group>"; };
		D06300FA163CA2E600A404FB /* GLShape.m */ = {isa = PBXFileReference; fileEncoding = 4; lastKnownFileType = sourcecode.c.objc; path = GLShape.m; sourceTree = "<group>"; };
		D06300FB163CA2E600A404FB /* GLGraphicsContext.h */ = {isa = PBXFileReference; fileEncoding = 4; lastKnownFileType = sourcecode.c.h; path = GLGraphicsContext.h; sourceTree = "<group>"; };
		D06300FC163CA2E600A404FB /* GLGraphicsContext.m */ = {isa = PBXFileReference; fileEncoding = 4; lastKnownFileType = sourcecode.c.objc; path = GLGraphicsContext.m; sourceTree = "<group>"; };
		D06300FD163CA2E600A404FB /* GLRectangle.h */ = {isa = PBXFileReference; fileEncoding = 4; lastKnownFileType = sourcecode.c.h; path = GLRectangle.h; sourceTree = "<group>"; };
		D06300FE163CA2E600A404FB /* GLRectangle.m */ = {isa = PBXFileReference; fileEncoding = 4; lastKnownFileType = sourcecode.c.objc; path = GLRectangle.m; sourceTree = "<group>"; };
		D06300FF163CA2E600A404FB /* GLLine.h */ = {isa = PBXFileReference; fileEncoding = 4; lastKnownFileType = sourcecode.c.h; path = GLLine.h; sourceTree = "<group>"; };
		D0630100163CA2E600A404FB /* GLLine.m */ = {isa = PBXFileReference; fileEncoding = 4; lastKnownFileType = sourcecode.c.objc; path = GLLine.m; sourceTree = "<group>"; };
		D0630101163CA2E600A404FB /* GLQuad.h */ = {isa = PBXFileReference; fileEncoding = 4; lastKnownFileType = sourcecode.c.h; path = GLQuad.h; sourceTree = "<group>"; };
		D0630102163CA2E600A404FB /* GLQuad.m */ = {isa = PBXFileReference; fileEncoding = 4; lastKnownFileType = sourcecode.c.objc; path = GLQuad.m; sourceTree = "<group>"; };
		D0630109163CA31100A404FB /* GLView.h */ = {isa = PBXFileReference; fileEncoding = 4; lastKnownFileType = sourcecode.c.h; path = GLView.h; sourceTree = "<group>"; };
		D063010A163CA31100A404FB /* GLView.m */ = {isa = PBXFileReference; fileEncoding = 4; lastKnownFileType = sourcecode.c.objc; path = GLView.m; sourceTree = "<group>"; };
		D063010B163CA31100A404FB /* GLBox.h */ = {isa = PBXFileReference; fileEncoding = 4; lastKnownFileType = sourcecode.c.h; path = GLBox.h; sourceTree = "<group>"; };
		D063010C163CA31100A404FB /* GLBox.m */ = {isa = PBXFileReference; fileEncoding = 4; lastKnownFileType = sourcecode.c.objc; path = GLBox.m; sourceTree = "<group>"; };
		D063010D163CA31100A404FB /* MicroUILabel.h */ = {isa = PBXFileReference; fileEncoding = 4; lastKnownFileType = sourcecode.c.h; path = MicroUILabel.h; sourceTree = "<group>"; };
		D063010E163CA31100A404FB /* MicroUILabel.m */ = {isa = PBXFileReference; fileEncoding = 4; lastKnownFileType = sourcecode.c.objc; path = MicroUILabel.m; sourceTree = "<group>"; };
		D063010F163CA31100A404FB /* MicroUIButton.h */ = {isa = PBXFileReference; fileEncoding = 4; lastKnownFileType = sourcecode.c.h; path = MicroUIButton.h; sourceTree = "<group>"; };
		D0630110163CA31100A404FB /* MicroUIButton.m */ = {isa = PBXFileReference; fileEncoding = 4; lastKnownFileType = sourcecode.c.objc; path = MicroUIButton.m; sourceTree = "<group>"; };
		D0630111163CA31100A404FB /* MicroUIDraggableBox.h */ = {isa = PBXFileReference; fileEncoding = 4; lastKnownFileType = sourcecode.c.h; path = MicroUIDraggableBox.h; sourceTree = "<group>"; };
		D0630112163CA31100A404FB /* MicroUIDraggableBox.m */ = {isa = PBXFileReference; fileEncoding = 4; lastKnownFileType = sourcecode.c.objc; path = MicroUIDraggableBox.m; sourceTree = "<group>"; };
		D0630113163CA31100A404FB /* MicroUIImage.h */ = {isa = PBXFileReference; fileEncoding = 4; lastKnownFileType = sourcecode.c.h; path = MicroUIImage.h; sourceTree = "<group>"; };
		D0630114163CA31100A404FB /* MicroUIImage.m */ = {isa = PBXFileReference; fileEncoding = 4; lastKnownFileType = sourcecode.c.objc; path = MicroUIImage.m; sourceTree = "<group>"; };
		D0630115163CA31100A404FB /* MicroUIDraggableContainer.h */ = {isa = PBXFileReference; fileEncoding = 4; lastKnownFileType = sourcecode.c.h; path = MicroUIDraggableContainer.h; sourceTree = "<group>"; };
		D0630116163CA31100A404FB /* MicroUIDraggableContainer.m */ = {isa = PBXFileReference; fileEncoding = 4; lastKnownFileType = sourcecode.c.objc; path = MicroUIDraggableContainer.m; sourceTree = "<group>"; };
		D0630117163CA31100A404FB /* MicroUIDraggableLine.h */ = {isa = PBXFileReference; fileEncoding = 4; lastKnownFileType = sourcecode.c.h; path = MicroUIDraggableLine.h; sourceTree = "<group>"; };
		D0630118163CA31100A404FB /* MicroUIDraggableLine.m */ = {isa = PBXFileReference; fileEncoding = 4; lastKnownFileType = sourcecode.c.objc; path = MicroUIDraggableLine.m; sourceTree = "<group>"; };
		D0630119163CA31100A404FB /* MicroUIDraggableView.h */ = {isa = PBXFileReference; fileEncoding = 4; lastKnownFileType = sourcecode.c.h; path = MicroUIDraggableView.h; sourceTree = "<group>"; };
		D063011A163CA31100A404FB /* MicroUIDraggableView.m */ = {isa = PBXFileReference; fileEncoding = 4; lastKnownFileType = sourcecode.c.objc; path = MicroUIDraggableView.m; sourceTree = "<group>"; };
		D063011B163CA31100A404FB /* MicroUIDraggableEndpoint.h */ = {isa = PBXFileReference; fileEncoding = 4; lastKnownFileType = sourcecode.c.h; path = MicroUIDraggableEndpoint.h; sourceTree = "<group>"; };
		D063011C163CA31100A404FB /* MicroUIDraggableEndpoint.m */ = {isa = PBXFileReference; fileEncoding = 4; lastKnownFileType = sourcecode.c.objc; path = MicroUIDraggableEndpoint.m; sourceTree = "<group>"; };
		D063011D163CA31100A404FB /* MicroUIDraggableDelegate.h */ = {isa = PBXFileReference; fileEncoding = 4; lastKnownFileType = sourcecode.c.h; path = MicroUIDraggableDelegate.h; sourceTree = "<group>"; };
		D063011E163CA31100A404FB /* MicroUIButtonDelegate.h */ = {isa = PBXFileReference; fileEncoding = 4; lastKnownFileType = sourcecode.c.h; path = MicroUIButtonDelegate.h; sourceTree = "<group>"; };
		D0630129163CA31E00A404FB /* GLKit.framework */ = {isa = PBXFileReference; lastKnownFileType = wrapper.framework; name = GLKit.framework; path = System/Library/Frameworks/GLKit.framework; sourceTree = SDKROOT; };
		D063012B163CA32200A404FB /* OpenGLES.framework */ = {isa = PBXFileReference; lastKnownFileType = wrapper.framework; name = OpenGLES.framework; path = System/Library/Frameworks/OpenGLES.framework; sourceTree = SDKROOT; };
		D063012D163CA34300A404FB /* GLViewController.h */ = {isa = PBXFileReference; fileEncoding = 4; lastKnownFileType = sourcecode.c.h; path = GLViewController.h; sourceTree = "<group>"; };
		D063012E163CA34300A404FB /* GLViewController.m */ = {isa = PBXFileReference; fileEncoding = 4; lastKnownFileType = sourcecode.c.objc; path = GLViewController.m; sourceTree = "<group>"; };
/* End PBXFileReference section */

/* Begin PBXFrameworksBuildPhase section */
		D06300CE163CA1F500A404FB /* Frameworks */ = {
			isa = PBXFrameworksBuildPhase;
			buildActionMask = 2147483647;
			files = (
				D063012C163CA32200A404FB /* OpenGLES.framework in Frameworks */,
				D063012A163CA31E00A404FB /* GLKit.framework in Frameworks */,
				D06300D6163CA1F500A404FB /* UIKit.framework in Frameworks */,
				D06300D8163CA1F500A404FB /* Foundation.framework in Frameworks */,
				D06300DA163CA1F500A404FB /* CoreGraphics.framework in Frameworks */,
			);
			runOnlyForDeploymentPostprocessing = 0;
		};
/* End PBXFrameworksBuildPhase section */

/* Begin PBXGroup section */
		D06300C6163CA1F500A404FB = {
			isa = PBXGroup;
			children = (
				D063012B163CA32200A404FB /* OpenGLES.framework */,
				D0630129163CA31E00A404FB /* GLKit.framework */,
				D06300DB163CA1F500A404FB /* MobileGlyphs */,
				D06300D4163CA1F500A404FB /* Frameworks */,
				D06300D2163CA1F500A404FB /* Products */,
			);
			sourceTree = "<group>";
		};
		D06300D2163CA1F500A404FB /* Products */ = {
			isa = PBXGroup;
			children = (
				D06300D1163CA1F500A404FB /* MobileGlyphs.app */,
			);
			name = Products;
			sourceTree = "<group>";
		};
		D06300D4163CA1F500A404FB /* Frameworks */ = {
			isa = PBXGroup;
			children = (
				D06300D5163CA1F500A404FB /* UIKit.framework */,
				D06300D7163CA1F500A404FB /* Foundation.framework */,
				D06300D9163CA1F500A404FB /* CoreGraphics.framework */,
			);
			name = Frameworks;
			sourceTree = "<group>";
		};
		D06300DB163CA1F500A404FB /* MobileGlyphs */ = {
			isa = PBXGroup;
			children = (
				D063012D163CA34300A404FB /* GLViewController.h */,
				D063012E163CA34300A404FB /* GLViewController.m */,
				D0630108163CA30500A404FB /* Views */,
				D06300F8163CA2D000A404FB /* Graphics */,
				D06300E4163CA1F500A404FB /* MGAppDelegate.h */,
				D06300E5163CA1F500A404FB /* MGAppDelegate.m */,
				D06300ED163CA1F500A404FB /* MGViewController.h */,
				D06300EE163CA1F500A404FB /* MGViewController.m */,
				D06300F0163CA1F500A404FB /* MGViewController.xib */,
				D06300DC163CA1F500A404FB /* Supporting Files */,
			);
			path = MobileGlyphs;
			sourceTree = "<group>";
		};
		D06300DC163CA1F500A404FB /* Supporting Files */ = {
			isa = PBXGroup;
			children = (
				D06300DD163CA1F500A404FB /* MobileGlyphs-Info.plist */,
				D06300DE163CA1F500A404FB /* InfoPlist.strings */,
				D06300E1163CA1F500A404FB /* main.m */,
				D06300E3163CA1F500A404FB /* MobileGlyphs-Prefix.pch */,
				D06300E7163CA1F500A404FB /* Default.png */,
				D06300E9163CA1F500A404FB /* Default@2x.png */,
				D06300EB163CA1F500A404FB /* Default-568h@2x.png */,
			);
			name = "Supporting Files";
			sourceTree = "<group>";
		};
		D06300F8163CA2D000A404FB /* Graphics */ = {
			isa = PBXGroup;
			children = (
				D06300F9163CA2E600A404FB /* GLShape.h */,
				D06300FA163CA2E600A404FB /* GLShape.m */,
				D06300FB163CA2E600A404FB /* GLGraphicsContext.h */,
				D06300FC163CA2E600A404FB /* GLGraphicsContext.m */,
				D06300FD163CA2E600A404FB /* GLRectangle.h */,
				D06300FE163CA2E600A404FB /* GLRectangle.m */,
				D06300FF163CA2E600A404FB /* GLLine.h */,
				D0630100163CA2E600A404FB /* GLLine.m */,
				D0630101163CA2E600A404FB /* GLQuad.h */,
				D0630102163CA2E600A404FB /* GLQuad.m */,
				001B6E65163CA81A00A03E61 /* GLCurve.h */,
				001B6E66163CA81A00A03E61 /* GLCurve.m */,
			);
			name = Graphics;
			sourceTree = "<group>";
		};
		D0630108163CA30500A404FB /* Views */ = {
			isa = PBXGroup;
			children = (
				D0630109163CA31100A404FB /* GLView.h */,
				D063010A163CA31100A404FB /* GLView.m */,
				D063010B163CA31100A404FB /* GLBox.h */,
				D063010C163CA31100A404FB /* GLBox.m */,
				D063010D163CA31100A404FB /* MicroUILabel.h */,
				D063010E163CA31100A404FB /* MicroUILabel.m */,
				D063010F163CA31100A404FB /* MicroUIButton.h */,
				D0630110163CA31100A404FB /* MicroUIButton.m */,
				D0630111163CA31100A404FB /* MicroUIDraggableBox.h */,
				D0630112163CA31100A404FB /* MicroUIDraggableBox.m */,
				D0630113163CA31100A404FB /* MicroUIImage.h */,
				D0630114163CA31100A404FB /* MicroUIImage.m */,
				D0630115163CA31100A404FB /* MicroUIDraggableContainer.h */,
				D0630116163CA31100A404FB /* MicroUIDraggableContainer.m */,
				D0630117163CA31100A404FB /* MicroUIDraggableLine.h */,
				D0630118163CA31100A404FB /* MicroUIDraggableLine.m */,
				D0630119163CA31100A404FB /* MicroUIDraggableView.h */,
				D063011A163CA31100A404FB /* MicroUIDraggableView.m */,
				D063011B163CA31100A404FB /* MicroUIDraggableEndpoint.h */,
				D063011C163CA31100A404FB /* MicroUIDraggableEndpoint.m */,
				D063011D163CA31100A404FB /* MicroUIDraggableDelegate.h */,
				D063011E163CA31100A404FB /* MicroUIButtonDelegate.h */,
			);
			name = Views;
			sourceTree = "<group>";
		};
/* End PBXGroup section */

/* Begin PBXNativeTarget section */
		D06300D0163CA1F500A404FB /* MobileGlyphs */ = {
			isa = PBXNativeTarget;
			buildConfigurationList = D06300F5163CA1F500A404FB /* Build configuration list for PBXNativeTarget "MobileGlyphs" */;
			buildPhases = (
				D06300CD163CA1F500A404FB /* Sources */,
				D06300CE163CA1F500A404FB /* Frameworks */,
				D06300CF163CA1F500A404FB /* Resources */,
			);
			buildRules = (
			);
			dependencies = (
			);
			name = MobileGlyphs;
			productName = MobileGlyphs;
			productReference = D06300D1163CA1F500A404FB /* MobileGlyphs.app */;
			productType = "com.apple.product-type.application";
		};
/* End PBXNativeTarget section */

/* Begin PBXProject section */
		D06300C8163CA1F500A404FB /* Project object */ = {
			isa = PBXProject;
			attributes = {
				CLASSPREFIX = MG;
				LastUpgradeCheck = 0450;
				ORGANIZATIONNAME = abikt;
			};
			buildConfigurationList = D06300CB163CA1F500A404FB /* Build configuration list for PBXProject "MobileGlyphs" */;
			compatibilityVersion = "Xcode 3.2";
			developmentRegion = English;
			hasScannedForEncodings = 0;
			knownRegions = (
				en,
			);
			mainGroup = D06300C6163CA1F500A404FB;
			productRefGroup = D06300D2163CA1F500A404FB /* Products */;
			projectDirPath = "";
			projectRoot = "";
			targets = (
				D06300D0163CA1F500A404FB /* MobileGlyphs */,
			);
		};
/* End PBXProject section */

/* Begin PBXResourcesBuildPhase section */
		D06300CF163CA1F500A404FB /* Resources */ = {
			isa = PBXResourcesBuildPhase;
			buildActionMask = 2147483647;
			files = (
				D06300E0163CA1F500A404FB /* InfoPlist.strings in Resources */,
				D06300E8163CA1F500A404FB /* Default.png in Resources */,
				D06300EA163CA1F500A404FB /* Default@2x.png in Resources */,
				D06300EC163CA1F500A404FB /* Default-568h@2x.png in Resources */,
				D06300F2163CA1F500A404FB /* MGViewController.xib in Resources */,
			);
			runOnlyForDeploymentPostprocessing = 0;
		};
/* End PBXResourcesBuildPhase section */

/* Begin PBXSourcesBuildPhase section */
		D06300CD163CA1F500A404FB /* Sources */ = {
			isa = PBXSourcesBuildPhase;
			buildActionMask = 2147483647;
			files = (
				D06300E2163CA1F500A404FB /* main.m in Sources */,
				D06300E6163CA1F500A404FB /* MGAppDelegate.m in Sources */,
				D06300EF163CA1F500A404FB /* MGViewController.m in Sources */,
				D0630103163CA2E600A404FB /* GLShape.m in Sources */,
				D0630104163CA2E600A404FB /* GLGraphicsContext.m in Sources */,
				D0630105163CA2E600A404FB /* GLRectangle.m in Sources */,
				D0630106163CA2E600A404FB /* GLLine.m in Sources */,
				D0630107163CA2E600A404FB /* GLQuad.m in Sources */,
				D063011F163CA31100A404FB /* GLView.m in Sources */,
				D0630120163CA31100A404FB /* GLBox.m in Sources */,
				D0630121163CA31100A404FB /* MicroUILabel.m in Sources */,
				D0630122163CA31100A404FB /* MicroUIButton.m in Sources */,
				D0630123163CA31100A404FB /* MicroUIDraggableBox.m in Sources */,
				D0630124163CA31100A404FB /* MicroUIImage.m in Sources */,
				D0630125163CA31100A404FB /* MicroUIDraggableContainer.m in Sources */,
				D0630126163CA31100A404FB /* MicroUIDraggableLine.m in Sources */,
				D0630127163CA31100A404FB /* MicroUIDraggableView.m in Sources */,
				D0630128163CA31100A404FB /* MicroUIDraggableEndpoint.m in Sources */,
				D063012F163CA34300A404FB /* GLViewController.m in Sources */,
				001B6E67163CA81A00A03E61 /* GLCurve.m in Sources */,
			);
			runOnlyForDeploymentPostprocessing = 0;
		};
/* End PBXSourcesBuildPhase section */

/* Begin PBXVariantGroup section */
		D06300DE163CA1F500A404FB /* InfoPlist.strings */ = {
			isa = PBXVariantGroup;
			children = (
				D06300DF163CA1F500A404FB /* en */,
			);
			name = InfoPlist.strings;
			sourceTree = "<group>";
		};
		D06300F0163CA1F500A404FB /* MGViewController.xib */ = {
			isa = PBXVariantGroup;
			children = (
				D06300F1163CA1F500A404FB /* en */,
			);
			name = MGViewController.xib;
			sourceTree = "<group>";
		};
/* End PBXVariantGroup section */

/* Begin XCBuildConfiguration section */
		D06300F3163CA1F500A404FB /* Debug */ = {
			isa = XCBuildConfiguration;
			buildSettings = {
				ALWAYS_SEARCH_USER_PATHS = NO;
				CLANG_CXX_LANGUAGE_STANDARD = "gnu++0x";
				CLANG_CXX_LIBRARY = "libc++";
				CLANG_ENABLE_OBJC_ARC = YES;
				CLANG_WARN_EMPTY_BODY = YES;
				CLANG_WARN__DUPLICATE_METHOD_MATCH = YES;
				"CODE_SIGN_IDENTITY[sdk=iphoneos*]" = "iPhone Developer";
				COPY_PHASE_STRIP = NO;
				GCC_C_LANGUAGE_STANDARD = gnu99;
				GCC_DYNAMIC_NO_PIC = NO;
				GCC_OPTIMIZATION_LEVEL = 0;
				GCC_PREPROCESSOR_DEFINITIONS = (
					"DEBUG=1",
					"$(inherited)",
				);
				GCC_SYMBOLS_PRIVATE_EXTERN = NO;
				GCC_WARN_ABOUT_RETURN_TYPE = YES;
				GCC_WARN_UNINITIALIZED_AUTOS = YES;
				GCC_WARN_UNUSED_VARIABLE = YES;
				IPHONEOS_DEPLOYMENT_TARGET = 6.0;
				ONLY_ACTIVE_ARCH = YES;
				SDKROOT = iphoneos;
				TARGETED_DEVICE_FAMILY = 2;
			};
			name = Debug;
		};
		D06300F4163CA1F500A404FB /* Release */ = {
			isa = XCBuildConfiguration;
			buildSettings = {
				ALWAYS_SEARCH_USER_PATHS = NO;
				CLANG_CXX_LANGUAGE_STANDARD = "gnu++0x";
				CLANG_CXX_LIBRARY = "libc++";
				CLANG_ENABLE_OBJC_ARC = YES;
				CLANG_WARN_EMPTY_BODY = YES;
				CLANG_WARN__DUPLICATE_METHOD_MATCH = YES;
				"CODE_SIGN_IDENTITY[sdk=iphoneos*]" = "iPhone Developer";
				COPY_PHASE_STRIP = YES;
				GCC_C_LANGUAGE_STANDARD = gnu99;
				GCC_WARN_ABOUT_RETURN_TYPE = YES;
				GCC_WARN_UNINITIALIZED_AUTOS = YES;
				GCC_WARN_UNUSED_VARIABLE = YES;
				IPHONEOS_DEPLOYMENT_TARGET = 6.0;
				OTHER_CFLAGS = "-DNS_BLOCK_ASSERTIONS=1";
				SDKROOT = iphoneos;
				TARGETED_DEVICE_FAMILY = 2;
				VALIDATE_PRODUCT = YES;
			};
			name = Release;
		};
		D06300F6163CA1F500A404FB /* Debug */ = {
			isa = XCBuildConfiguration;
			buildSettings = {
				GCC_PRECOMPILE_PREFIX_HEADER = YES;
				GCC_PREFIX_HEADER = "MobileGlyphs/MobileGlyphs-Prefix.pch";
				INFOPLIST_FILE = "MobileGlyphs/MobileGlyphs-Info.plist";
				PRODUCT_NAME = "$(TARGET_NAME)";
				WRAPPER_EXTENSION = app;
			};
			name = Debug;
		};
		D06300F7163CA1F500A404FB /* Release */ = {
			isa = XCBuildConfiguration;
			buildSettings = {
				GCC_PRECOMPILE_PREFIX_HEADER = YES;
				GCC_PREFIX_HEADER = "MobileGlyphs/MobileGlyphs-Prefix.pch";
				INFOPLIST_FILE = "MobileGlyphs/MobileGlyphs-Info.plist";
				PRODUCT_NAME = "$(TARGET_NAME)";
				WRAPPER_EXTENSION = app;
			};
			name = Release;
		};
/* End XCBuildConfiguration section */

/* Begin XCConfigurationList section */
		D06300CB163CA1F500A404FB /* Build configuration list for PBXProject "MobileGlyphs" */ = {
			isa = XCConfigurationList;
			buildConfigurations = (
				D06300F3163CA1F500A404FB /* Debug */,
				D06300F4163CA1F500A404FB /* Release */,
			);
			defaultConfigurationIsVisible = 0;
			defaultConfigurationName = Release;
		};
		D06300F5163CA1F500A404FB /* Build configuration list for PBXNativeTarget "MobileGlyphs" */ = {
			isa = XCConfigurationList;
			buildConfigurations = (
				D06300F6163CA1F500A404FB /* Debug */,
				D06300F7163CA1F500A404FB /* Release */,
			);
			defaultConfigurationIsVisible = 0;
			defaultConfigurationName = Release;
		};
/* End XCConfigurationList section */
	};
	rootObject = D06300C8163CA1F500A404FB /* Project object */;
}
